{
  "name": "@kwsites/cms-instagram-widgets",
  "version": "0.6.0",
  "lockfileVersion": 1,
  "requires": true,
  "dependencies": {
    "@kwsites/promise-cache": {
      "version": "0.0.1",
      "resolved": "https://registry.npmjs.org/@kwsites/promise-cache/-/promise-cache-0.0.1.tgz",
      "integrity": "sha512-bA0jgyKv5fSK0n8zuQawWdZ7A1oqSoxKoOnmq+vHJrNph4BOcwgJXLK5IBgwskQ0IyakwZpjkl+6nudi94VYcQ=="
    },
    "node-fetch": {
      "version": "2.1.2",
      "resolved": "https://registry.npmjs.org/node-fetch/-/node-fetch-2.1.2.tgz",
      "integrity": "sha1-q4hOjn5X44qUR1POxwb3iNF2i7U="
    },
    "parse5": {
      "version": "4.0.0",
      "resolved": "https://registry.npmjs.org/parse5/-/parse5-4.0.0.tgz",
      "integrity": "sha512-VrZ7eOd3T1Fk4XWNXMgiGBK/z0MG48BWG2uQNU4I72fkQuKUTZpl+u9k+CxEG0twMVzSmXEEz12z5Fnw1jIQFA=="
    }
  }
}
