# THIS IS AN AUTOGENERATED FILE. DO NOT EDIT THIS FILE DIRECTLY.
# yarn lockfile v1


"@kwsites/promise-cache@^0.0.1":
  version "0.0.1"
  resolved "https://registry.yarnpkg.com/@kwsites/promise-cache/-/promise-cache-0.0.1.tgz#e59ea480b197ffbf64334b7461a278c6b2d52f9b"
  integrity sha512-bA0jgyKv5fSK0n8zuQawWdZ7A1oqSoxKoOnmq+vHJrNph4BOcwgJXLK5IBgwskQ0IyakwZpjkl+6nudi94VYcQ==

bent@^7.3.2:
  version "7.3.2"
  resolved "https://registry.yarnpkg.com/bent/-/bent-7.3.2.tgz#4e4b3f71e44e4eb3409b811f51a2cd5ae59818ef"
  integrity sha512-iI9r7tiiaWX8tToVBskcfU7omPb3Z1GoLhPZ1gqJD/K8jtHlPNB9dsD2RqiLc4xYOawsCzP8psnSuILN3PK9dg==
  dependencies:
    bytesish "^0.4.1"
    caseless "~0.12.0"
    is-stream "^2.0.0"

bytesish@^0.4.1:
  version "0.4.1"
  resolved "https://registry.yarnpkg.com/bytesish/-/bytesish-0.4.1.tgz#5fe19b076037ffdfb63e083a53495b1d1c063f6f"
  integrity sha512-j3l5QmnAbpOfcN/Z2Jcv4poQYfefs8rDdcbc6iEKm+OolvUXAE2APodpWj+DOzqX6Bl5Ys1cQkcIV2/doGvQxg==

caseless@~0.12.0:
  version "0.12.0"
  resolved "https://registry.yarnpkg.com/caseless/-/caseless-0.12.0.tgz#1b681c21ff84033c826543090689420d187151dc"
  integrity sha1-G2gcIf+EAzyCZUMJBolCDRhxUdw=

debug@^4.1.1:
  version "4.1.1"
  resolved "https://registry.yarnpkg.com/debug/-/debug-4.1.1.tgz#3b72260255109c6b589cee050f1d516139664791"
  integrity sha512-pYAIzeRo8J6KPEaJ0VWOh5Pzkbw/RetuzehGM7QRRX5he4fPHx2rdKMB256ehJCkX+XRQm16eZLqLNS8RSZXZw==
  dependencies:
    ms "^2.1.1"

is-stream@^2.0.0:
  version "2.0.0"
  resolved "https://registry.yarnpkg.com/is-stream/-/is-stream-2.0.0.tgz#bde9c32680d6fae04129d6ac9d921ce7815f78e3"
  integrity sha512-XCoy+WlUr7d1+Z8GgSuXmpuUFC9fOhRXglJMx+dwLKTkL44Cjd4W1Z5P+BQZpr+cR93aGP4S/s7Ftw6Nd/kiEw==

lodash@^4:
  version "4.17.19"
  resolved "https://registry.yarnpkg.com/lodash/-/lodash-4.17.19.tgz#e48ddedbe30b3321783c5b4301fbd353bc1e4a4b"
  integrity sha512-JNvd8XER9GQX0v2qJgsaN/mzFCNA5BRe/j8JN9d+tWyGLSodKQHKFicdwNYzWwI3wjRnaKPsGj1XkBjx/F96DQ==

ms@^2.1.1:
  version "2.1.2"
  resolved "https://registry.yarnpkg.com/ms/-/ms-2.1.2.tgz#d09d1f357b443f493382a8eb3ccd183872ae6009"
  integrity sha512-sGkPx+VjMtmA6MX27oA4FBFELFCZZ4S4XqeGOXCv68tT+jb3vk/RyaKWP0PTKyWtmLSM0b+adUTEvbs1PEaH2w==

parse5@^6.0.0:
  version "6.0.0"
  resolved "https://registry.yarnpkg.com/parse5/-/parse5-6.0.0.tgz#d2ac3448289c84b49947d49a39f7bef6200fa6ba"
  integrity sha512-lC0A+4DefTdRr+DLQlEwwZqndL9VzEjiuegI5bj3hp4bnzzwQldSqCpHv7+msRpSOHGJyJvkcCa4q15LMUJ8rg==
