# This file is generated by running "yarn install" inside your project.
# Manual changes might be lost - proceed with caution!

__metadata:
  version: 4
  cacheKey: 6

"@kwsites/cms-instagram-widgets@workspace:.":
  version: 0.0.0-use.local
  resolution: "@kwsites/cms-instagram-widgets@workspace:."
  dependencies:
    "@kwsites/promise-result": ^1.1.0
    bent: ^7.3.10
    debug: ^4.1.1
    instagram-private-api: ^1.41.0
    lodash: ^4.17.19
    parse5: ^6.0.0
    prettier: ^2.1.1
  languageName: unknown
  linkType: soft

"@kwsites/promise-result@npm:^1.1.0":
  version: 1.1.0
  resolution: "@kwsites/promise-result@npm:1.1.0"
  checksum: adb6a9f52f6eed6e69b60d2317eff96e5899ab534f8ba3b08a8c010931f4e8b94a6cb863cd297def8249cabc17fc3600b6da693ffcee812d4d6effba82db0564
  languageName: node
  linkType: hard

"@lifeomic/attempt@npm:^3.0.0":
  version: 3.0.0
  resolution: "@lifeomic/attempt@npm:3.0.0"
  checksum: ab30b63a1262be326c19c07254a83a5231212635bf03b9c753e8a33aca31f1a40fbf7f36a42cedb2b15d6f04387e2d4fdbe64c37d60287efa4b95b6a172799f1
  languageName: node
  linkType: hard

"@types/bluebird@npm:*":
  version: 3.5.32
  resolution: "@types/bluebird@npm:3.5.32"
  checksum: 92c0baae50feaecb43c1b592829dcbe832b4440110a98cf9ae761e758c6d80843ca7bbd0ecb867e7c470658c52858a53b5700bca5598bce81a713f64f6a5cf41
  languageName: node
  linkType: hard

"@types/caseless@npm:*":
  version: 0.12.2
  resolution: "@types/caseless@npm:0.12.2"
  checksum: 492343e49987f92550c10efe9052f7307ced5d9c3acf7796cda206909b369746e4fcf3bdb061eed6b27dd03482bb6e3b6ec856aa30c4f565893dc18cc8341027
  languageName: node
  linkType: hard

"@types/chance@npm:^1.0.2":
  version: 1.1.0
  resolution: "@types/chance@npm:1.1.0"
  checksum: daaa9528de2d94060c49cca49d0326c974d089a0bf956e33cf63bc427abfceb449de42f5fde5e622089302b47540dd15709595c38bdcf24996d48c02f3024777
  languageName: node
  linkType: hard

"@types/node@npm:*":
  version: 14.0.26
  resolution: "@types/node@npm:14.0.26"
  checksum: fe900b9e9441d5c48ca854a5d6680689025767d0a4b6236512bcff44f443e380d1757ca2c6d5e96eac2a4a360be0af446b4d50b8f94348c1942e5cd7865a2499
  languageName: node
  linkType: hard

"@types/request-promise@npm:^4.1.43":
  version: 4.1.46
  resolution: "@types/request-promise@npm:4.1.46"
  dependencies:
    "@types/bluebird": "*"
    "@types/request": "*"
  checksum: 72c20082c12bf70f1c7dcf7677ee466e52ccd36cfffb402fc8b76b075dcd93c2dc3ebd6c3f70d33c24a7a88cc7974431a772dedd960f8b0c7c0d8ed1f761a04f
  languageName: node
  linkType: hard

"@types/request@npm:*":
  version: 2.48.5
  resolution: "@types/request@npm:2.48.5"
  dependencies:
    "@types/caseless": "*"
    "@types/node": "*"
    "@types/tough-cookie": "*"
    form-data: ^2.5.0
  checksum: 74f1a250cab068aec594cede9e57508e0b63d46110dd5d62611f087a4c0e9b524884b1d76f128e5ee86d3d91a40587986d85567b567653cd3e30873686ab195d
  languageName: node
  linkType: hard

"@types/tough-cookie@npm:*":
  version: 4.0.0
  resolution: "@types/tough-cookie@npm:4.0.0"
  checksum: 5a0cccc6d073b84dbb48d603e692b55ac30cea1653a7fc813e97a3bcaa9edd97c703c15727378d632e416a90178e6da657151eba8175cbb201a9a98de22ac3a8
  languageName: node
  linkType: hard

"ajv@npm:^6.5.5":
  version: 6.12.3
  resolution: "ajv@npm:6.12.3"
  dependencies:
    fast-deep-equal: ^3.1.1
    fast-json-stable-stringify: ^2.0.0
    json-schema-traverse: ^0.4.1
    uri-js: ^4.2.2
  checksum: b20a171bf30ede1635c6b1955bcc1db5a6b3e7dfa77f75aace9fb0db87375430c46d5cdd84158a0bf0a8da91e4da97bdb1afe5604a0969d8468b7c11143fdbba
  languageName: node
  linkType: hard

"asn1@npm:~0.2.3":
  version: 0.2.4
  resolution: "asn1@npm:0.2.4"
  dependencies:
    safer-buffer: ~2.1.0
  checksum: 5743ace942e2faa0b72f3b14bf1826509c5ca707ea150c10520f52b04f90aa715cee4370ec2e6279ce1ceb7d3c472ca33270124e90b495bea4c9b02f41b9d8ac
  languageName: node
  linkType: hard

"assert-plus@npm:1.0.0, assert-plus@npm:^1.0.0":
  version: 1.0.0
  resolution: "assert-plus@npm:1.0.0"
  checksum: 1bda24f67343ccb75a7eee31179c92cf9f79bd6f6bc24101b0ce1495ef979376dd9b0f9b9064812bba564cdade5fbf851ed76b4a44b5e141d49cdaee6ffed6b2
  languageName: node
  linkType: hard

"asynckit@npm:^0.4.0":
  version: 0.4.0
  resolution: "asynckit@npm:0.4.0"
  checksum: a024000b9ddd938e2f27b3cb8188f96a5e1fff58185e98b84862fc4e01de279a547874a800340c2b106bb9de9b0fc61c6c683bc6892abf65e6be29a96addafd3
  languageName: node
  linkType: hard

"aws-sign2@npm:~0.7.0":
  version: 0.7.0
  resolution: "aws-sign2@npm:0.7.0"
  checksum: 7162b9b8fbd4cf451bd889b0ed27fc895f88e6a6cb5c5609de49759ea1a6e31646f86ca8e18d90bea0455c4caa466fc9692c1098a1784d2372a358cb68c1eea6
  languageName: node
  linkType: hard

"aws4@npm:^1.8.0":
  version: 1.10.0
  resolution: "aws4@npm:1.10.0"
  checksum: f8c20a0031a2ae88bb29a89d5e5f8139eb0cc8aa964d0a8d69a476a4b0f6cf3954e3dd40bd08cea69c95ee31e2e69226d82e804628261a2375223ac67582009d
  languageName: node
  linkType: hard

"bcrypt-pbkdf@npm:^1.0.0":
  version: 1.0.2
  resolution: "bcrypt-pbkdf@npm:1.0.2"
  dependencies:
    tweetnacl: ^0.14.3
  checksum: 3f57eb99bbc02352f68ff31e446997f4d21cc9a5e5286449dc1fe0116ec5dac5a4aa538967d45714fa9320312d2be8d16126f2d357da1dd40a3d546b96e097ed
  languageName: node
  linkType: hard

"bent@npm:^7.3.10":
  version: 7.3.10
  resolution: "bent@npm:7.3.10"
  dependencies:
    bytesish: ^0.4.1
    caseless: ~0.12.0
    is-stream: ^2.0.0
  checksum: 498e93d022ad37210bed31712b6550970f85f4dbfff3824ac34e22eef08e59dfc3f49c822567a2ca1e8a957f14d7be9b92dacfdbe65900ce91313ee81281baca
  languageName: node
  linkType: hard

"bignumber.js@npm:^9.0.0":
  version: 9.0.0
  resolution: "bignumber.js@npm:9.0.0"
  checksum: 5968a936fbd801d591d35756078c4c3755887346b703f7e77eb2a5506fe900ca7c48baa253c21ed42b45d1d5c7012b69ac57c3936295d16924b7fc257f22bb80
  languageName: node
  linkType: hard

"bluebird@npm:^3.5.0, bluebird@npm:^3.7.1":
  version: 3.7.2
  resolution: "bluebird@npm:3.7.2"
  checksum: 4f2288662f3d4eadbb82d4daa4a7d7976a28fa3c7eb4102c9b4033b03e5be4574ba123ac52a7c103cde4cb7b2d2afc1dbe41817ca15a29ff21ecd258d0286047
  languageName: node
  linkType: hard

"bytesish@npm:^0.4.1":
  version: 0.4.1
  resolution: "bytesish@npm:0.4.1"
  checksum: 7abcfe91d1b50bd9f05ad61496762a79cce76270851b351528f7b93ec28dc16c70eba8dd3706b7783bbdb24e2b333abacadccce7c4a928a3c6c46ee5663c2654
  languageName: node
  linkType: hard

"caseless@npm:~0.12.0":
  version: 0.12.0
  resolution: "caseless@npm:0.12.0"
  checksum: 147f48bff9bebf029d7050e2335da3f8d295f26d157edf08d8c3282c804dae04a462c4cd6efa8179755686aa3aeaca5c28f3e7f3559698bc0484c65e46c36c5b
  languageName: node
  linkType: hard

"chance@npm:^1.0.18":
  version: 1.1.6
  resolution: "chance@npm:1.1.6"
  checksum: ac3311b7ed8f0321fc991f1f0ffc60107584532076c32ff0703e81e167480d64b2ff4607101fd3ad9998b8311bd5d6a6a323e011003fb2e8e5a767beba1b7722
  languageName: node
  linkType: hard

"class-transformer@npm:^0.2.0":
  version: 0.2.3
  resolution: "class-transformer@npm:0.2.3"
  checksum: e5967902d0d3b142f055608b85236ad099b42445ffbe61d69f8e5d6a5cfed80fe0ee68f7becfc0a821685d7e72d8decc5feb8d45d84d921cbfc11a01b6d895b9
  languageName: node
  linkType: hard

"combined-stream@npm:^1.0.6, combined-stream@npm:~1.0.6":
  version: 1.0.8
  resolution: "combined-stream@npm:1.0.8"
  dependencies:
    delayed-stream: ~1.0.0
  checksum: 5791ce7944530f0db74a97e77ea28b6fdbf89afcf038e41d6b4195019c4c803cd19ed2905a54959e5b3830d50bd5d6f93c681c6d3aaea8614ad43b48e62e9d65
  languageName: node
  linkType: hard

"core-util-is@npm:1.0.2":
  version: 1.0.2
  resolution: "core-util-is@npm:1.0.2"
  checksum: 089015ee3c462dfceba70faa1df83b42a7bb35db26dae6af283247b06fe3216c65fccd9f00eebcaf98300dc31e981d56aae9f90b624f8f6ff1153e235ff88b65
  languageName: node
  linkType: hard

"dashdash@npm:^1.12.0":
  version: 1.14.1
  resolution: "dashdash@npm:1.14.1"
  dependencies:
    assert-plus: ^1.0.0
  checksum: 5959409ee42dc4bdbf3fa384b801ece580ca336658bb0342ffab0099b3fc6bf9b3e239e1b82dcc4fcaeee315353e08f2eae47b0928a6a579391598c44958afa1
  languageName: node
  linkType: hard

"debug@npm:^4.1.1":
  version: 4.1.1
  resolution: "debug@npm:4.1.1"
  dependencies:
    ms: ^2.1.1
  checksum: 3601a6ce96e4698ed3edf0ee6e67ef0317adfcdae2f66a43b23d1b14e8888b422337429b16dbbcba6801e7bfa6cbb8de3128fbacfb8ae1cd9bd7615ea6baf970
  languageName: node
  linkType: hard

"delayed-stream@npm:~1.0.0":
  version: 1.0.0
  resolution: "delayed-stream@npm:1.0.0"
  checksum: d9dfb0a7c79fd308fada9db2cf29d1ff22047ceb50dd78f7e3c173567909b438f418259cb76a6d9c9f513e88ef41d3a14154f618741ec8368c3efeff616d0c9f
  languageName: node
  linkType: hard

"ecc-jsbn@npm:~0.1.1":
  version: 0.1.2
  resolution: "ecc-jsbn@npm:0.1.2"
  dependencies:
    jsbn: ~0.1.0
    safer-buffer: ^2.1.0
  checksum: 5b4dd05f24b2b94c1bb882488dba2b878bb5b83182669aa71fbdf53c6941618180cb226c4eb9a3e2fa51ad11f87b5edb0a7d7289cdef468ba2e6024542f73f07
  languageName: node
  linkType: hard

"extend@npm:~3.0.2":
  version: 3.0.2
  resolution: "extend@npm:3.0.2"
  checksum: 1406da1f0c4b00b839497e4cdd0ec4303ce2ae349144b7c28064a5073c93ce8c08da4e8fb1bc5cb459ffcdff30a35fc0fe54344eb88320e70100c1baea6f195c
  languageName: node
  linkType: hard

"extsprintf@npm:1.3.0":
  version: 1.3.0
  resolution: "extsprintf@npm:1.3.0"
  checksum: 892efd56aa9b27cbfbca42ad0c59308633f66000e71d1fb19c6989ea7309b32f3ff281778871bd2ce9bc7f3ad02515aa2783cea0323d0f6ff840b7c6a6a4603e
  languageName: node
  linkType: hard

"extsprintf@npm:^1.2.0":
  version: 1.4.0
  resolution: "extsprintf@npm:1.4.0"
  checksum: 092e011574324c5cddd78b5a27f869c2703613c1140eb7763aef8f5b0e33769a9b4c7dbcc50acd39b6afebe79bf66adcec73bf3c84e095c5bcfb42306d128ad0
  languageName: node
  linkType: hard

"fast-deep-equal@npm:^3.1.1":
  version: 3.1.3
  resolution: "fast-deep-equal@npm:3.1.3"
  checksum: 451526766b219503131d11e823eaadd1533080b0be4860e316670b039dcaf31cd1007c2fe036a9b922abba7c040dfad5e942ed79d21f2ff849e50049f36e0fb7
  languageName: node
  linkType: hard

"fast-json-stable-stringify@npm:^2.0.0":
  version: 2.1.0
  resolution: "fast-json-stable-stringify@npm:2.1.0"
  checksum: 7df3fabfe445d65953b2d9d9d3958bd895438b215a40fb87dae8b2165c5169a897785eb5d51e6cf0eb03523af756e3d82ea01083f6ac6341fe16db532fee3016
  languageName: node
  linkType: hard

"forever-agent@npm:~0.6.1":
  version: 0.6.1
  resolution: "forever-agent@npm:0.6.1"
  checksum: 9cc0054dd4ea5fc26e014b8c929d1fb9247e931e81165cbd965a712061d65fb84791b2124f64cd79492e516662b94068d29fe1d824732382237321b3f61955fe
  languageName: node
  linkType: hard

"form-data@npm:^2.5.0":
  version: 2.5.1
  resolution: "form-data@npm:2.5.1"
  dependencies:
    asynckit: ^0.4.0
    combined-stream: ^1.0.6
    mime-types: ^2.1.12
  checksum: c46ee9a14a8678b6e0dfafabc96e25237d9f11ced9c51cd371a2b3448f6a3f2fa684b3bbbb35911bae8f5448b3f3c48c73f7f2be791a4ae5aee0eb0ab3cdfec2
  languageName: node
  linkType: hard

"form-data@npm:~2.3.2":
  version: 2.3.3
  resolution: "form-data@npm:2.3.3"
  dependencies:
    asynckit: ^0.4.0
    combined-stream: ^1.0.6
    mime-types: ^2.1.12
  checksum: 862e686b105634222db77138d5f5ae08ba85f88c04925de5be86b2b9d03cf671d86566ad10f1dd5217634c0f1634069dfc1a663a1cc13e8fbac0ce8f670ad070
  languageName: node
  linkType: hard

"getpass@npm:^0.1.1":
  version: 0.1.7
  resolution: "getpass@npm:0.1.7"
  dependencies:
    assert-plus: ^1.0.0
  checksum: 2650725bc6939616da8432e5351ca87d8b29421bb8dc19c21bad2c37cd337d2a50d36fcc398ce0c16a075f6079afe114131780dca7e2f4b96063e53e7d28fd7a
  languageName: node
  linkType: hard

"har-schema@npm:^2.0.0":
  version: 2.0.0
  resolution: "har-schema@npm:2.0.0"
  checksum: e27ac33a968b8a3b2cc32e53afaec8aa795d08b058ef9b09b3bbce74db7ecadcabf60a6186e3bb901335d2c72bbf9e2af59429d736b5e80dc0edf18b3e1c5860
  languageName: node
  linkType: hard

"har-validator@npm:~5.1.3":
  version: 5.1.3
  resolution: "har-validator@npm:5.1.3"
  dependencies:
    ajv: ^6.5.5
    har-schema: ^2.0.0
  checksum: 64cb2294c1eceba077280e31d7059e54a99aca442ade03b7e14af3d715f7f1c01c6e1a6df21252b0aff9bea7b06fc10539bb99ebe1acf46321e97f197bbb932b
  languageName: node
  linkType: hard

"http-signature@npm:~1.2.0":
  version: 1.2.0
  resolution: "http-signature@npm:1.2.0"
  dependencies:
    assert-plus: ^1.0.0
    jsprim: ^1.2.2
    sshpk: ^1.7.0
  checksum: d28227eed37cb0dae0e76c46b2a5e611c678808433e5642238f17dba7f2c9c8f8d1646122d57ec1a110ecc7e8b9f5b7aa0462f1e2a5fa3b41f2fca5a69af7edf
  languageName: node
  linkType: hard

"image-size@npm:^0.7.3":
  version: 0.7.5
  resolution: "image-size@npm:0.7.5"
  bin:
    image-size: bin/image-size.js
  checksum: 4b574a4bc65fc62f79032bf09dc7042d32bfe4ed1eff4202957e6e0e5d7fe6a5bd64af4bcd5c0cc99af49284b1b348363552784fd7869b65d273c3bc65ba9fb0
  languageName: node
  linkType: hard

"instagram-private-api@npm:^1.41.0":
  version: 1.41.0
  resolution: "instagram-private-api@npm:1.41.0"
  dependencies:
    "@lifeomic/attempt": ^3.0.0
    "@types/chance": ^1.0.2
    "@types/request-promise": ^4.1.43
    bluebird: ^3.7.1
    chance: ^1.0.18
    class-transformer: ^0.2.0
    debug: ^4.1.1
    image-size: ^0.7.3
    json-bigint: ^0.3.0
    lodash: ^4.17.5
    luxon: ^1.12.1
    reflect-metadata: ^0.1.13
    request: ^2.88.0
    request-promise: ^4.2.4
    rxjs: ^6.5.2
    snakecase-keys: ^3.1.0
    tough-cookie: ^2.5.0
    ts-custom-error: ^2.2.2
    ts-xor: ^1.0.6
    url-regex: ^5.0.0
    utility-types: ^3.10.0
  checksum: a211a117811a2d7539799ab15a4ec1b6951a4eb2776995ac37f254471f0521bbc581005a94c00737a9c10dd4088e81a90a2c777fee26c2e3988803b77f36021f
  languageName: node
  linkType: hard

"ip-regex@npm:^4.1.0":
  version: 4.1.0
  resolution: "ip-regex@npm:4.1.0"
  checksum: 139978134f6902430e4a09141d608ddfd4f4dcf2904c8db092bff7d7eaf446b3b0ed2581510ee1c34f764015fc930cfe2b46ebf5e96d85b1d76d5ea1f112b68a
  languageName: node
  linkType: hard

"is-stream@npm:^2.0.0":
  version: 2.0.0
  resolution: "is-stream@npm:2.0.0"
  checksum: f92ba04a8b8fafbade79bdaada53a044025db2fbd3fc2be978434db9a097a4afa457c2e3222c70c2ffc38854bde3a352593d6315463a54394f08ca9e51e32b50
  languageName: node
  linkType: hard

"is-typedarray@npm:~1.0.0":
  version: 1.0.0
  resolution: "is-typedarray@npm:1.0.0"
  checksum: 4e21156e7360a5916eded35c5938adf6278299a8055640864eebb251e4351cd605beccddf9af27477e19f753d453412fe0c21379bb54b55cfdf5add263076959
  languageName: node
  linkType: hard

"isstream@npm:~0.1.2":
  version: 0.1.2
  resolution: "isstream@npm:0.1.2"
  checksum: 8e6e5c4cf1823562db7035d2e7bac388412060fe9bc6727eca8c608def5aa57709165c51c2e68a2fce6ff0b64d79489501b84715060c5e8a477b87b6cbcd1eca
  languageName: node
  linkType: hard

"jsbn@npm:~0.1.0":
  version: 0.1.1
  resolution: "jsbn@npm:0.1.1"
  checksum: b530d48a64e6aff9523407856a54c5b9beee30f34a410612057f4fa097d90072fc8403c49604dacf0c3e7620dca43c2b7f0de3f954af611e43716a254c46f6f5
  languageName: node
  linkType: hard

"json-bigint@npm:^0.3.0":
  version: 0.3.1
  resolution: "json-bigint@npm:0.3.1"
  dependencies:
    bignumber.js: ^9.0.0
  checksum: 2968196dc4cd5bba0a83235de734fdacba6bf942a5ced2a66288c640b694c7cf10738f170de22b10a0fa8d2085271b69f5d3bb451cda50b7f5ed8de3f2a197c2
  languageName: node
  linkType: hard

"json-schema-traverse@npm:^0.4.1":
  version: 0.4.1
  resolution: "json-schema-traverse@npm:0.4.1"
  checksum: 6f71bddba38aa043cf9c05ff9cf37158a6657909f1dd37032ba164b76923da47a17bb4592ee4f7f9c029dfaf26965b821ac214c1f991bb3bd038c9cfea2da50b
  languageName: node
  linkType: hard

"json-schema@npm:0.2.3":
  version: 0.2.3
  resolution: "json-schema@npm:0.2.3"
  checksum: d382ea841f0af5cf6ae3b63043c6ddbd144086de52342b5dd32d8966872dce1e0ed280f6b27c5fba97e50cf8640f27b593e039cb95df365718ada03ef0feb9f2
  languageName: node
  linkType: hard

"json-stringify-safe@npm:~5.0.1":
  version: 5.0.1
  resolution: "json-stringify-safe@npm:5.0.1"
  checksum: 261dfb8eb3e72c8b0dda11fd7c20c151ffc1d1b03e529245d51708c8dd8d8c6a225880464adf41a570dff6e5c805fd9d1f47fed948cfb526e4fbe5a67ce4e5f4
  languageName: node
  linkType: hard

"jsprim@npm:^1.2.2":
  version: 1.4.1
  resolution: "jsprim@npm:1.4.1"
  dependencies:
    assert-plus: 1.0.0
    extsprintf: 1.3.0
    json-schema: 0.2.3
    verror: 1.10.0
  checksum: ee0177b7ef39e6becf18c586d31fabe15d62be88e7867d3aff86466e4a3de9a2cd47b6e597417aebc1cd3c2d43bc662e79ab5eecdadf3ce0643e909432ed6d2c
  languageName: node
  linkType: hard

"lodash@npm:^4.17.19, lodash@npm:^4.17.5":
  version: 4.17.19
  resolution: "lodash@npm:4.17.19"
  checksum: ff2b7a95f0129dba9101e346d44e0eda0f159d76bbbf23721eec1969b87a32bde3de0cfef0733218c64620e9be08040a973278d46a686540233b356115f3527c
  languageName: node
  linkType: hard

"luxon@npm:^1.12.1":
  version: 1.24.1
  resolution: "luxon@npm:1.24.1"
  checksum: 3e5a9599e1fb49d2b5e9c6f6d42ce4e4d05d785310785ac8a67ef2ccd26477dd123eb688057366330be847ef400bb2503f77ac26cb7560c09f32846c7973ee34
  languageName: node
  linkType: hard

"map-obj@npm:^4.0.0":
  version: 4.1.0
  resolution: "map-obj@npm:4.1.0"
  checksum: 91827cab5aa21840605cb5e77c8cabd3089251f95f939419a7208c29fb6b1032006d8b2ad9d407c91b6e0a9e282105c1811eabd750df87f8b55ae758f87c2063
  languageName: node
  linkType: hard

"mime-db@npm:1.44.0":
  version: 1.44.0
  resolution: "mime-db@npm:1.44.0"
  checksum: b4e3b2141418572fba9786f7e36324faef15e23032ad0871f56760cb304ee721ba4c8cc795d3c1cac69a2a8b94045c1d6b08c4a8d1ef6ba1226a3a5193915c57
  languageName: node
  linkType: hard

"mime-types@npm:^2.1.12, mime-types@npm:~2.1.19":
  version: 2.1.27
  resolution: "mime-types@npm:2.1.27"
  dependencies:
    mime-db: 1.44.0
  checksum: 51fe2f2c08c10ac7a2f67e2ce5de30f6500faa88d095418a1ab6e90e30960db7c682a8ecce60d3d4e293ac52c4700ca99399833db998ea9ec83d6f0503b70a94
  languageName: node
  linkType: hard

"ms@npm:^2.1.1":
  version: 2.1.2
  resolution: "ms@npm:2.1.2"
  checksum: 9b65fb709bc30c0c07289dcbdb61ca032acbb9ea5698b55fa62e2cebb04c5953f1876a1f3f7f4bc2e91d4bf4d86003f3e207c3bc6ee2f716f99827e62389cd0e
  languageName: node
  linkType: hard

"oauth-sign@npm:~0.9.0":
  version: 0.9.0
  resolution: "oauth-sign@npm:0.9.0"
  checksum: af1ab60297c3a687d1d2de5c43c6453c4df6939de3e6114ada4a486ac51fa7ab1769f33000b94c0e8ffced5ae4c57c4f5d36b517792d83e9e9742578a728682e
  languageName: node
  linkType: hard

"parse5@npm:^6.0.0":
  version: 6.0.0
  resolution: "parse5@npm:6.0.0"
  checksum: 9b0670e3c37c15161f4cbb91c39d6b189f187612ec68188fa3f5a1ec43506a56bd5db8140d8948a638eaffa7943773495de7b389fa5b648df72defe9eb439419
  languageName: node
  linkType: hard

"performance-now@npm:^2.1.0":
  version: 2.1.0
  resolution: "performance-now@npm:2.1.0"
  checksum: bb4ebed0b03d6c3ad3ae4eddd1182c895d385cff9096af441c19c130aaae3ea70229438ebc3297dfc52c86022f6becf177a810050823d01bf5280779cd2de624
  languageName: node
  linkType: hard

"prettier@npm:^2.1.1":
  version: 2.1.1
  resolution: "prettier@npm:2.1.1"
  bin:
    prettier: bin-prettier.js
  checksum: 420a807cda2d482388daa42379a7aaa1be629cb71f5792362a971a5ed1c6ff377d2e311818d24e9390a4a8a6eac3fda9ebe6975f2168efec893790c0497d8a93
  languageName: node
  linkType: hard

"psl@npm:^1.1.28":
  version: 1.8.0
  resolution: "psl@npm:1.8.0"
  checksum: 92d47c6257456878bfa8190d76b84de69bcefdc129eeee3f9fe204c15fd08d35fe5b8627033f39b455e40a9375a1474b25ff4ab2c5448dd8c8f75da692d0f5b4
  languageName: node
  linkType: hard

"punycode@npm:^2.1.0, punycode@npm:^2.1.1":
  version: 2.1.1
  resolution: "punycode@npm:2.1.1"
  checksum: 0202dc191cb35bfd88870ac99a1e824b03486d4cee20b543ef337a6dee8d8b11017da32a3e4c40b69b19976e982c030b62bd72bba42884acb691bc5ef91354c8
  languageName: node
  linkType: hard

"qs@npm:~6.5.2":
  version: 6.5.2
  resolution: "qs@npm:6.5.2"
  checksum: fa0410eff2c05ce3328e11f82db4015e7819c986ee056d6b62b06ae112f4929af09ea3b879ca168ff9f0338f50972bba487ad0e46c879e42bfaf63c3c2ea7f09
  languageName: node
  linkType: hard

"reflect-metadata@npm:^0.1.13":
  version: 0.1.13
  resolution: "reflect-metadata@npm:0.1.13"
  checksum: 629101e6c8b7e0d3166fa51953f908f45b5c73dbaf1375c4f8c3ed62221b870c951343b9b031d0c49957e7262a88020f41be25731ee85b5d779f12c7cec66005
  languageName: node
  linkType: hard

"request-promise-core@npm:1.1.4":
  version: 1.1.4
  resolution: "request-promise-core@npm:1.1.4"
  dependencies:
    lodash: ^4.17.19
  peerDependencies:
    request: ^2.34
  checksum: 7c9c90bf00158f6669e7167425cd113edadaca44b5aebc7c6a7969d9f50d93bfae8275038bdf6389b4e94f1cacacca7e5830d28701692818bdfba353eeb2ddfd
  languageName: node
  linkType: hard

"request-promise@npm:^4.2.4":
  version: 4.2.6
  resolution: "request-promise@npm:4.2.6"
  dependencies:
    bluebird: ^3.5.0
    request-promise-core: 1.1.4
    stealthy-require: ^1.1.1
    tough-cookie: ^2.3.3
  peerDependencies:
    request: ^2.34
  checksum: 6a715e7817dd11a77ac2a1eaa334a3fb5616436be1a2ffe07f605711a1cd6bf87149aa6173dfda8897f81e399b86f98ed088c594fa1a726958777fcb4a26a991
  languageName: node
  linkType: hard

"request@npm:^2.88.0":
  version: 2.88.2
  resolution: "request@npm:2.88.2"
  dependencies:
    aws-sign2: ~0.7.0
    aws4: ^1.8.0
    caseless: ~0.12.0
    combined-stream: ~1.0.6
    extend: ~3.0.2
    forever-agent: ~0.6.1
    form-data: ~2.3.2
    har-validator: ~5.1.3
    http-signature: ~1.2.0
    is-typedarray: ~1.0.0
    isstream: ~0.1.2
    json-stringify-safe: ~5.0.1
    mime-types: ~2.1.19
    oauth-sign: ~0.9.0
    performance-now: ^2.1.0
    qs: ~6.5.2
    safe-buffer: ^5.1.2
    tough-cookie: ~2.5.0
    tunnel-agent: ^0.6.0
    uuid: ^3.3.2
  checksum: 7a74841f3024cac21d8c3cca7f7f2e4243fbd62464d2f291fddb94008a9d010e20c4a1488f4224b03412a4438a699db2a3de11019e486c8e656f86b0b79bf022
  languageName: node
  linkType: hard

"rxjs@npm:^6.5.2":
  version: 6.6.0
  resolution: "rxjs@npm:6.6.0"
  dependencies:
    tslib: ^1.9.0
  checksum: 32d733487caf42cc87bb0f93da5be400f2817f94a9f8af9580ab36f480aa553f584e0cfb4625b8321e8f9490094a510f9eb5e951a1d6219281d1eac1525d007b
  languageName: node
  linkType: hard

"safe-buffer@npm:^5.0.1, safe-buffer@npm:^5.1.2":
  version: 5.2.1
  resolution: "safe-buffer@npm:5.2.1"
  checksum: 0bb57f0d8f9d1fa4fe35ad8a2db1f83a027d48f2822d59ede88fd5cd4ddad83c0b497213feb7a70fbf90597a70c5217f735b0eb1850df40ce9b4ae81dd22b3f9
  languageName: node
  linkType: hard

"safer-buffer@npm:^2.0.2, safer-buffer@npm:^2.1.0, safer-buffer@npm:~2.1.0":
  version: 2.1.2
  resolution: "safer-buffer@npm:2.1.2"
  checksum: 549ba83f5b314b59898efe3422120ce1ca7987a6eae5925a5fa5db930dc414d4a9dde0a5594f89638cd6ea60b6840ea961872908933ac2428d1726489db46fa5
  languageName: node
  linkType: hard

"snakecase-keys@npm:^3.1.0":
  version: 3.2.0
  resolution: "snakecase-keys@npm:3.2.0"
  dependencies:
    map-obj: ^4.0.0
    to-snake-case: ^1.0.0
  checksum: 5aaf2a48634e04386219e6338a215bd6b66ff6b3c0ebe7722c7584990ed3cd6acad5137723632d269a154fd05c807ac7fcf1fd31f262385558aa552df6cce97d
  languageName: node
  linkType: hard

"sshpk@npm:^1.7.0":
  version: 1.16.1
  resolution: "sshpk@npm:1.16.1"
  dependencies:
    asn1: ~0.2.3
    assert-plus: ^1.0.0
    bcrypt-pbkdf: ^1.0.0
    dashdash: ^1.12.0
    ecc-jsbn: ~0.1.1
    getpass: ^0.1.1
    jsbn: ~0.1.0
    safer-buffer: ^2.0.2
    tweetnacl: ~0.14.0
  bin:
    sshpk-conv: bin/sshpk-conv
    sshpk-sign: bin/sshpk-sign
    sshpk-verify: bin/sshpk-verify
  checksum: 4bd7422634ec3730404186179e5d9ba913accc64449f18d594b3a757a3b81000719adc94cf0c93a7b3da42487ae42404a1f37bfaa7908a60743d4478382b9d78
  languageName: node
  linkType: hard

"stealthy-require@npm:^1.1.1":
  version: 1.1.1
  resolution: "stealthy-require@npm:1.1.1"
  checksum: f24a9bc613817dea37afcbf64578f2ba0195916d906ebdaa1c1d5b8e9d51fd462cbf4c61ae04217babd0cf662e6c0115fd972dffa8e62a7f6f44f3109fb4c796
  languageName: node
  linkType: hard

"tlds@npm:^1.203.0":
  version: 1.207.0
  resolution: "tlds@npm:1.207.0"
  bin:
    tlds: bin.js
  checksum: 53b45e8daf37a0e2e8c125814fafc5cc9c3f8bfd6a0404492857c5c881ffb8e59084ce02d8e71c9cc1a9fec62977d1ae2ac8b11d638a66df2bb2aa8e05f287f8
  languageName: node
  linkType: hard

"to-no-case@npm:^1.0.0":
  version: 1.0.2
  resolution: "to-no-case@npm:1.0.2"
  checksum: 7aa8962a71897a7086d3e35f3fa4f0377a4c1cb7a77c6cd6bdc0f2778f3e08cf8008dd35f3c60322e5f358c961f5a6691fbb125b68a644b83eebb233b23c5b76
  languageName: node
  linkType: hard

"to-snake-case@npm:^1.0.0":
  version: 1.0.0
  resolution: "to-snake-case@npm:1.0.0"
  dependencies:
    to-space-case: ^1.0.0
  checksum: 6502f1dc1d804ccf957ec1422bad551b0dc0f2c03a30a3b47b4aeee70abf10ecbdf86984f4ebc8a0a5f233e658bc3f02d8615ee049ebe8c16e882eb6d4c01923
  languageName: node
  linkType: hard

"to-space-case@npm:^1.0.0":
  version: 1.0.0
  resolution: "to-space-case@npm:1.0.0"
  dependencies:
    to-no-case: ^1.0.0
  checksum: e83f61676ec329b9d661f6561b648b3ed951ee75f3d32cbdf5b187d271782159cdba7dfbc5b40a50d314e6eeb143d7eca575b63874a285dffc2e5e607e92d151
  languageName: node
  linkType: hard

"tough-cookie@npm:^2.3.3, tough-cookie@npm:^2.5.0, tough-cookie@npm:~2.5.0":
  version: 2.5.0
  resolution: "tough-cookie@npm:2.5.0"
  dependencies:
    psl: ^1.1.28
    punycode: ^2.1.1
  checksum: bf5d6fac5ce0bebc5876cb9b9a79d3d9ea21c9e4099f3d3e64701d6ba170a052cb88cece6737ec2473bac4f0a4f6c75d46ec17985be8587c6bbdd38d91625cb4
  languageName: node
  linkType: hard

"ts-custom-error@npm:^2.2.2":
  version: 2.2.2
  resolution: "ts-custom-error@npm:2.2.2"
  checksum: cc5d8493763cb25a1205c608c0661cf1e9621c04b7b52b5fe1d015f28c5d1d01eaa75160b0ff500f04dad756c0401d631e48a84e0f200c2a4ad9ddeb21d96dfd
  languageName: node
  linkType: hard

"ts-xor@npm:^1.0.6":
  version: 1.0.8
  resolution: "ts-xor@npm:1.0.8"
  checksum: 0ec5775f0a3f8b415e7dd99d561fe5e1c0d58b2137dab6efd920871dc0a2f047b6e91d9b85ead2763e3cf137c034872598e1798e4a008bc235631473ac8b3c8e
  languageName: node
  linkType: hard

"tslib@npm:^1.9.0":
  version: 1.13.0
  resolution: "tslib@npm:1.13.0"
  checksum: 5dc3bdaea3b67c76ef4a14c28fcb2171da7bcf292fd9c59a260098729626b1ce766c52b588f08e324ed9a0c52ea8a93a815920f980d75981abc9d850fbf310fb
  languageName: node
  linkType: hard

"tunnel-agent@npm:^0.6.0":
  version: 0.6.0
  resolution: "tunnel-agent@npm:0.6.0"
  dependencies:
    safe-buffer: ^5.0.1
  checksum: 03db75a4f994fee610d3485c492e95105ed265a9fecd49d14c98e9982f973ecc0220d0c1bc264e37802e423a1274bb63788a873e4e07009408ae3ac517347fd7
  languageName: node
  linkType: hard

"tweetnacl@npm:^0.14.3, tweetnacl@npm:~0.14.0":
  version: 0.14.5
  resolution: "tweetnacl@npm:0.14.5"
  checksum: e1c9d52e2e9f582fd0df9ea26ba5a9ab88b9a38b69625d8e55c5e8870a4832ac8c32f8854b41fce7b59f97258bb103535363f9eda7050aa70e75824b972c7dde
  languageName: node
  linkType: hard

"uri-js@npm:^4.2.2":
  version: 4.2.2
  resolution: "uri-js@npm:4.2.2"
  dependencies:
    punycode: ^2.1.0
  checksum: 651a49f55d6d65a15e589ed5ffa23bf99e495699e246c1c3fecbe6f232c675589fdae4e93a88608525ff130f39b6fb854c19982820813a2d94c005c11eafd7ed
  languageName: node
  linkType: hard

"url-regex@npm:^5.0.0":
  version: 5.0.0
  resolution: "url-regex@npm:5.0.0"
  dependencies:
    ip-regex: ^4.1.0
    tlds: ^1.203.0
  checksum: 8f7e13fc68bb5855c282e73320fb3f398c51c74cfe3409090c781e07d63b444dcc2643f0d2b13a363d1b88ce4b0e50b6a1688ac6a48f262c47e9408232b4643a
  languageName: node
  linkType: hard

"utility-types@npm:^3.10.0":
  version: 3.10.0
  resolution: "utility-types@npm:3.10.0"
  checksum: 0d2add8ad7057883548a328076dd5eaa8ccb3660df053645fec332253f047fa0882da766dfa676c6a530f6a80023f1f519e1bc3f90088c4fcede303c33de0e4a
  languageName: node
  linkType: hard

"uuid@npm:^3.3.2":
  version: 3.4.0
  resolution: "uuid@npm:3.4.0"
  bin:
    uuid: ./bin/uuid
  checksum: 1ce3f37e214d6d0dc94a6a9663a0365013ace66bc3fd5b203e6f5d2eeb978aaee1192367222386345d30b4c6a447928c501121aa84c637724bf105ef57284949
  languageName: node
  linkType: hard

"verror@npm:1.10.0":
  version: 1.10.0
  resolution: "verror@npm:1.10.0"
  dependencies:
    assert-plus: ^1.0.0
    core-util-is: 1.0.2
    extsprintf: ^1.2.0
  checksum: 38ea80312cb42e5e8b4ac562d108d675b2354a79f8f125d363671f692657461b9181fd26f4fc9acdca433f8afee099cb78058806e1303e6b15b8fb022affba94
  languageName: node
  linkType: hard
